
Microsoft Visual Studio Solution File, Format Version 12.00
# Visual Studio Version 17
VisualStudioVersion = 17.5.002.0
MinimumVisualStudioVersion = 10.0.40219.1
Project("{2150E333-8FDC-42A3-9474-1A3956D46DE8}") = "sandbox", "sandbox", "{AF78A349-6AF9-46D5-95B4-FBE02B72EEEE}"
EndProject
Project("{9A19103F-16F7-4668-BE54-9A1E7A4F7556}") = "sandbox_project", "sandbox\sandbox_project\sandbox_project.csproj", "{A5D484E3-E00D-4211-9397-DE52840BE66B}"
EndProject
Project("{2150E333-8FDC-42A3-9474-1A3956D46DE8}") = "week01", "week01", "{973E5D03-0BD7-4644-8E92-9E6EC6E949AE}"
EndProject
Project("{9A19103F-16F7-4668-BE54-9A1E7A4F7556}") = "analyze", "week01\analyze\analyze.csproj", "{5E3A9FF3-6D66-41C4-9DE8-AFBBC3CAFF68}"
EndProject
Project("{9A19103F-16F7-4668-BE54-9A1E7A4F7556}") = "code", "week01\code\code.csproj", "{F71B90C9-DE78-4EF7-996A-C19CF7F8F1E6}"
EndProject
Project("{9A19103F-16F7-4668-BE54-9A1E7A4F7556}") = "teach", "week01\teach\teach.csproj", "{E7DA90D2-2E1D-4179-8A2E-A026A5B69AD4}"
EndProject
Project("{2150E333-8FDC-42A3-9474-1A3956D46DE8}") = "week02", "week02", "{1A8DB2C6-1DC8-49E2-B540-E8AC9C5B2CFD}"
EndProject
Project("{9A19103F-16F7-4668-BE54-9A1E7A4F7556}") = "analyze", "week02\analyze\analyze.csproj", "{23187C26-1D52-415A-B0EC-6C66646BE9B3}"
EndProject
Project("{9A19103F-16F7-4668-BE54-9A1E7A4F7556}") = "code", "week02\code\code.csproj", "{758EEB01-4FEE-491F-B67D-9EB0CD9A5B55}"
EndProject
Project("{9A19103F-16F7-4668-BE54-9A1E7A4F7556}") = "learn", "week02\learn\learn.csproj", "{66D5FE42-DE3B-42CA-8933-842A3A394115}"
EndProject
Project("{9A19103F-16F7-4668-BE54-9A1E7A4F7556}") = "teach", "week02\teach\teach.csproj", "{6A619869-53AF-4A9F-B9B7-AF44D0D248F9}"
EndProject
Project("{2150E333-8FDC-42A3-9474-1A3956D46DE8}") = "week03", "week03", "{5DF1E5E7-C25D-4429-AC81-B82D0F180F2F}"
EndProject
Project("{9A19103F-16F7-4668-BE54-9A1E7A4F7556}") = "code", "week03\code\code.csproj", "{D08DA308-9335-4943-BD95-CD6D43F0ADAD}"
EndProject
Project("{9A19103F-16F7-4668-BE54-9A1E7A4F7556}") = "learn", "week03\learn\learn.csproj", "{CEE5CA9A-99C6-4D7C-8341-DE2C512261FD}"
EndProject
Project("{9A19103F-16F7-4668-BE54-9A1E7A4F7556}") = "teach", "week03\teach\teach.csproj", "{AADCC1D9-65DF-4A20-B67A-60F0D5D30B84}"
EndProject
Project("{2150E333-8FDC-42A3-9474-1A3956D46DE8}") = "week04", "week04", "{86D2FC9C-1D3E-460D-9C1F-A65C279E1EC2}"
EndProject
Project("{9A19103F-16F7-4668-BE54-9A1E7A4F7556}") = "code", "week04\code\code.csproj", "{9FA6373F-B212-4BB4-80C3-3530DD5101B6}"
EndProject
Project("{2150E333-8FDC-42A3-9474-1A3956D46DE8}") = "week05", "week05", "{08B138AB-B5B4-49B1-BACB-59ED7DEB041A}"
EndProject
Project("{9A19103F-16F7-4668-BE54-9A1E7A4F7556}") = "code", "week05\code\code.csproj", "{09DE7726-9C6A-466F-B361-B2765761222E}"
EndProject
Project("{2150E333-8FDC-42A3-9474-1A3956D46DE8}") = "week06", "week06", "{2B036388-E89B-408A-BF19-187C1AAEC298}"
EndProject
Project("{9A19103F-16F7-4668-BE54-9A1E7A4F7556}") = "code", "week06\code\code.csproj", "{415F36F7-004F-4A60-85D1-4E9317649835}"
EndProject
Global
	GlobalSection(SolutionConfigurationPlatforms) = preSolution
		Debug|Any CPU = Debug|Any CPU
		Release|Any CPU = Release|Any CPU
	EndGlobalSection
	GlobalSection(ProjectConfigurationPlatforms) = postSolution
		{A5D484E3-E00D-4211-9397-DE52840BE66B}.Debug|Any CPU.ActiveCfg = Debug|Any CPU
		{A5D484E3-E00D-4211-9397-DE52840BE66B}.Debug|Any CPU.Build.0 = Debug|Any CPU
		{A5D484E3-E00D-4211-9397-DE52840BE66B}.Release|Any CPU.ActiveCfg = Release|Any CPU
		{A5D484E3-E00D-4211-9397-DE52840BE66B}.Release|Any CPU.Build.0 = Release|Any CPU
		{5E3A9FF3-6D66-41C4-9DE8-AFBBC3CAFF68}.Debug|Any CPU.ActiveCfg = Debug|Any CPU
		{5E3A9FF3-6D66-41C4-9DE8-AFBBC3CAFF68}.Debug|Any CPU.Build.0 = Debug|Any CPU
		{5E3A9FF3-6D66-41C4-9DE8-AFBBC3CAFF68}.Release|Any CPU.ActiveCfg = Release|Any CPU
		{5E3A9FF3-6D66-41C4-9DE8-AFBBC3CAFF68}.Release|Any CPU.Build.0 = Release|Any CPU
		{F71B90C9-DE78-4EF7-996A-C19CF7F8F1E6}.Debug|Any CPU.ActiveCfg = Debug|Any CPU
		{F71B90C9-DE78-4EF7-996A-C19CF7F8F1E6}.Debug|Any CPU.Build.0 = Debug|Any CPU
		{F71B90C9-DE78-4EF7-996A-C19CF7F8F1E6}.Release|Any CPU.ActiveCfg = Release|Any CPU
		{F71B90C9-DE78-4EF7-996A-C19CF7F8F1E6}.Release|Any CPU.Build.0 = Release|Any CPU
		{E7DA90D2-2E1D-4179-8A2E-A026A5B69AD4}.Debug|Any CPU.ActiveCfg = Debug|Any CPU
		{E7DA90D2-2E1D-4179-8A2E-A026A5B69AD4}.Debug|Any CPU.Build.0 = Debug|Any CPU
		{E7DA90D2-2E1D-4179-8A2E-A026A5B69AD4}.Release|Any CPU.ActiveCfg = Release|Any CPU
		{E7DA90D2-2E1D-4179-8A2E-A026A5B69AD4}.Release|Any CPU.Build.0 = Release|Any CPU
		{23187C26-1D52-415A-B0EC-6C66646BE9B3}.Debug|Any CPU.ActiveCfg = Debug|Any CPU
		{23187C26-1D52-415A-B0EC-6C66646BE9B3}.Debug|Any CPU.Build.0 = Debug|Any CPU
		{23187C26-1D52-415A-B0EC-6C66646BE9B3}.Release|Any CPU.ActiveCfg = Release|Any CPU
		{23187C26-1D52-415A-B0EC-6C66646BE9B3}.Release|Any CPU.Build.0 = Release|Any CPU
		{758EEB01-4FEE-491F-B67D-9EB0CD9A5B55}.Debug|Any CPU.ActiveCfg = Debug|Any CPU
		{758EEB01-4FEE-491F-B67D-9EB0CD9A5B55}.Debug|Any CPU.Build.0 = Debug|Any CPU
		{758EEB01-4FEE-491F-B67D-9EB0CD9A5B55}.Release|Any CPU.ActiveCfg = Release|Any CPU
		{758EEB01-4FEE-491F-B67D-9EB0CD9A5B55}.Release|Any CPU.Build.0 = Release|Any CPU
		{66D5FE42-DE3B-42CA-8933-842A3A394115}.Debug|Any CPU.ActiveCfg = Debug|Any CPU
		{66D5FE42-DE3B-42CA-8933-842A3A394115}.Debug|Any CPU.Build.0 = Debug|Any CPU
		{66D5FE42-DE3B-42CA-8933-842A3A394115}.Release|Any CPU.ActiveCfg = Release|Any CPU
		{66D5FE42-DE3B-42CA-8933-842A3A394115}.Release|Any CPU.Build.0 = Release|Any CPU
		{6A619869-53AF-4A9F-B9B7-AF44D0D248F9}.Debug|Any CPU.ActiveCfg = Debug|Any CPU
		{6A619869-53AF-4A9F-B9B7-AF44D0D248F9}.Debug|Any CPU.Build.0 = Debug|Any CPU
		{6A619869-53AF-4A9F-B9B7-AF44D0D248F9}.Release|Any CPU.ActiveCfg = Release|Any CPU
		{6A619869-53AF-4A9F-B9B7-AF44D0D248F9}.Release|Any CPU.Build.0 = Release|Any CPU
		{D08DA308-9335-4943-BD95-CD6D43F0ADAD}.Debug|Any CPU.ActiveCfg = Debug|Any CPU
		{D08DA308-9335-4943-BD95-CD6D43F0ADAD}.Debug|Any CPU.Build.0 = Debug|Any CPU
		{D08DA308-9335-4943-BD95-CD6D43F0ADAD}.Release|Any CPU.ActiveCfg = Release|Any CPU
		{D08DA308-9335-4943-BD95-CD6D43F0ADAD}.Release|Any CPU.Build.0 = Release|Any CPU
		{CEE5CA9A-99C6-4D7C-8341-DE2C512261FD}.Debug|Any CPU.ActiveCfg = Debug|Any CPU
		{CEE5CA9A-99C6-4D7C-8341-DE2C512261FD}.Debug|Any CPU.Build.0 = Debug|Any CPU
		{CEE5CA9A-99C6-4D7C-8341-DE2C512261FD}.Release|Any CPU.ActiveCfg = Release|Any CPU
		{CEE5CA9A-99C6-4D7C-8341-DE2C512261FD}.Release|Any CPU.Build.0 = Release|Any CPU
		{AADCC1D9-65DF-4A20-B67A-60F0D5D30B84}.Debug|Any CPU.ActiveCfg = Debug|Any CPU
		{AADCC1D9-65DF-4A20-B67A-60F0D5D30B84}.Debug|Any CPU.Build.0 = Debug|Any CPU
		{AADCC1D9-65DF-4A20-B67A-60F0D5D30B84}.Release|Any CPU.ActiveCfg = Release|Any CPU
		{AADCC1D9-65DF-4A20-B67A-60F0D5D30B84}.Release|Any CPU.Build.0 = Release|Any CPU
		{9FA6373F-B212-4BB4-80C3-3530DD5101B6}.Debug|Any CPU.ActiveCfg = Debug|Any CPU
		{9FA6373F-B212-4BB4-80C3-3530DD5101B6}.Debug|Any CPU.Build.0 = Debug|Any CPU
		{9FA6373F-B212-4BB4-80C3-3530DD5101B6}.Release|Any CPU.ActiveCfg = Release|Any CPU
		{9FA6373F-B212-4BB4-80C3-3530DD5101B6}.Release|Any CPU.Build.0 = Release|Any CPU
		{09DE7726-9C6A-466F-B361-B2765761222E}.Debug|Any CPU.ActiveCfg = Debug|Any CPU
		{09DE7726-9C6A-466F-B361-B2765761222E}.Debug|Any CPU.Build.0 = Debug|Any CPU
		{09DE7726-9C6A-466F-B361-B2765761222E}.Release|Any CPU.ActiveCfg = Release|Any CPU
		{09DE7726-9C6A-466F-B361-B2765761222E}.Release|Any CPU.Build.0 = Release|Any CPU
		{415F36F7-004F-4A60-85D1-4E9317649835}.Debug|Any CPU.ActiveCfg = Debug|Any CPU
		{415F36F7-004F-4A60-85D1-4E9317649835}.Debug|Any CPU.Build.0 = Debug|Any CPU
		{415F36F7-004F-4A60-85D1-4E9317649835}.Release|Any CPU.ActiveCfg = Release|Any CPU
		{415F36F7-004F-4A60-85D1-4E9317649835}.Release|Any CPU.Build.0 = Release|Any CPU
	EndGlobalSection
	GlobalSection(SolutionProperties) = preSolution
		HideSolutionNode = FALSE
	EndGlobalSection
	GlobalSection(NestedProjects) = preSolution
		{A5D484E3-E00D-4211-9397-DE52840BE66B} = {AF78A349-6AF9-46D5-95B4-FBE02B72EEEE}
		{5E3A9FF3-6D66-41C4-9DE8-AFBBC3CAFF68} = {973E5D03-0BD7-4644-8E92-9E6EC6E949AE}
		{F71B90C9-DE78-4EF7-996A-C19CF7F8F1E6} = {973E5D03-0BD7-4644-8E92-9E6EC6E949AE}
		{E7DA90D2-2E1D-4179-8A2E-A026A5B69AD4} = {973E5D03-0BD7-4644-8E92-9E6EC6E949AE}
		{23187C26-1D52-415A-B0EC-6C66646BE9B3} = {1A8DB2C6-1DC8-49E2-B540-E8AC9C5B2CFD}
		{758EEB01-4FEE-491F-B67D-9EB0CD9A5B55} = {1A8DB2C6-1DC8-49E2-B540-E8AC9C5B2CFD}
		{66D5FE42-DE3B-42CA-8933-842A3A394115} = {1A8DB2C6-1DC8-49E2-B540-E8AC9C5B2CFD}
		{6A619869-53AF-4A9F-B9B7-AF44D0D248F9} = {1A8DB2C6-1DC8-49E2-B540-E8AC9C5B2CFD}
		{D08DA308-9335-4943-BD95-CD6D43F0ADAD} = {5DF1E5E7-C25D-4429-AC81-B82D0F180F2F}
		{CEE5CA9A-99C6-4D7C-8341-DE2C512261FD} = {5DF1E5E7-C25D-4429-AC81-B82D0F180F2F}
		{AADCC1D9-65DF-4A20-B67A-60F0D5D30B84} = {5DF1E5E7-C25D-4429-AC81-B82D0F180F2F}
		{9FA6373F-B212-4BB4-80C3-3530DD5101B6} = {86D2FC9C-1D3E-460D-9C1F-A65C279E1EC2}
		{09DE7726-9C6A-466F-B361-B2765761222E} = {08B138AB-B5B4-49B1-BACB-59ED7DEB041A}
		{415F36F7-004F-4A60-85D1-4E9317649835} = {2B036388-E89B-408A-BF19-187C1AAEC298}
	EndGlobalSection
	GlobalSection(ExtensibilityGlobals) = postSolution
		SolutionGuid = {C1107961-3609-4954-A7A8-7D5A4998E7C4}
	EndGlobalSection
EndGlobal
