
Microsoft Visual Studio Solution File, Format Version 12.00
# Visual Studio Version 17
VisualStudioVersion = 17.5.002.0
MinimumVisualStudioVersion = 10.0.40219.1
Project("{2150E333-8FDC-42A3-9474-1A3956D46DE8}") = "sandbox", "sandbox", "{1A4163A1-DF30-4DDD-BABF-1C7C99ED0B27}"
EndProject
Project("{9A19103F-16F7-4668-BE54-9A1E7A4F7556}") = "sandbox_project", "sandbox\sandbox_project\sandbox_project.csproj", "{F21002D2-375A-4381-9CBF-50235C60D711}"
EndProject
Project("{2150E333-8FDC-42A3-9474-1A3956D46DE8}") = "week01", "week01", "{374DB4C0-A495-49E3-BD9E-0F252D99CD0A}"
EndProject
Project("{9A19103F-16F7-4668-BE54-9A1E7A4F7556}") = "analyze", "week01\analyze\analyze.csproj", "{7DDB97F3-0CD6-43BF-8A73-C575130B3AF2}"
EndProject
Project("{9A19103F-16F7-4668-BE54-9A1E7A4F7556}") = "code", "week01\code\code.csproj", "{452C7D38-2EBF-47CF-BCEE-F47EC0C73BA6}"
EndProject
Project("{9A19103F-16F7-4668-BE54-9A1E7A4F7556}") = "teach", "week01\teach\teach.csproj", "{0FDB2D4C-F6B0-4099-AC62-280649F63A0C}"
EndProject
Project("{2150E333-8FDC-42A3-9474-1A3956D46DE8}") = "week02", "week02", "{CFDEDF6C-9B17-4EA5-887D-126DD16DACB7}"
EndProject
Project("{9A19103F-16F7-4668-BE54-9A1E7A4F7556}") = "analyze", "week02\analyze\analyze.csproj", "{D9E57DCE-1EDA-4785-B70D-0E79224ECF99}"
EndProject
Project("{9A19103F-16F7-4668-BE54-9A1E7A4F7556}") = "code", "week02\code\code.csproj", "{91EDAF4C-896C-4402-BE36-0A0C471C2BB6}"
EndProject
Project("{9A19103F-16F7-4668-BE54-9A1E7A4F7556}") = "learn", "week02\learn\learn.csproj", "{9A1AF314-88F1-4622-BA26-E510BFD9B2C3}"
EndProject
Project("{9A19103F-16F7-4668-BE54-9A1E7A4F7556}") = "teach", "week02\teach\teach.csproj", "{1A05FF5B-FF80-4C20-B6FC-2E43D323197D}"
EndProject
Project("{2150E333-8FDC-42A3-9474-1A3956D46DE8}") = "week03", "week03", "{0D3BB820-C00B-435A-AC5B-E1225CDB6DE6}"
EndProject
Project("{9A19103F-16F7-4668-BE54-9A1E7A4F7556}") = "code", "week03\code\code.csproj", "{66DA8927-D298-4791-995C-CF476BCFF06D}"
EndProject
Project("{9A19103F-16F7-4668-BE54-9A1E7A4F7556}") = "learn", "week03\learn\learn.csproj", "{D5120145-4FEC-4266-BB2C-BEB9DF6A267C}"
EndProject
Project("{9A19103F-16F7-4668-BE54-9A1E7A4F7556}") = "teach", "week03\teach\teach.csproj", "{DD2B9066-3B1F-49C7-8CFC-2906E44A029F}"
EndProject
Project("{2150E333-8FDC-42A3-9474-1A3956D46DE8}") = "week04", "week04", "{FCC929AC-F815-424B-BFC4-E13C901C5548}"
EndProject
Project("{9A19103F-16F7-4668-BE54-9A1E7A4F7556}") = "code", "week04\code\code.csproj", "{92B284B3-8CFE-4CEB-B649-9BFCCDCE52C2}"
EndProject
Project("{2150E333-8FDC-42A3-9474-1A3956D46DE8}") = "week05", "week05", "{BC10C655-2042-4D62-A5AE-F8DC722D98A1}"
EndProject
Project("{9A19103F-16F7-4668-BE54-9A1E7A4F7556}") = "code", "week05\code\code.csproj", "{7A1EDB94-39EB-4402-8D30-DCC13DBCE8D3}"
EndProject
Project("{2150E333-8FDC-42A3-9474-1A3956D46DE8}") = "week06", "week06", "{BEA40A0A-103F-4FF7-9AC3-7A53592B7FDF}"
EndProject
Project("{9A19103F-16F7-4668-BE54-9A1E7A4F7556}") = "code", "week06\code\code.csproj", "{42BA811C-E5CC-471A-9C7D-502AF84B7937}"
EndProject
Global
	GlobalSection(SolutionConfigurationPlatforms) = preSolution
		Debug|Any CPU = Debug|Any CPU
		Release|Any CPU = Release|Any CPU
	EndGlobalSection
	GlobalSection(ProjectConfigurationPlatforms) = postSolution
		{F21002D2-375A-4381-9CBF-50235C60D711}.Debug|Any CPU.ActiveCfg = Debug|Any CPU
		{F21002D2-375A-4381-9CBF-50235C60D711}.Debug|Any CPU.Build.0 = Debug|Any CPU
		{F21002D2-375A-4381-9CBF-50235C60D711}.Release|Any CPU.ActiveCfg = Release|Any CPU
		{F21002D2-375A-4381-9CBF-50235C60D711}.Release|Any CPU.Build.0 = Release|Any CPU
		{7DDB97F3-0CD6-43BF-8A73-C575130B3AF2}.Debug|Any CPU.ActiveCfg = Debug|Any CPU
		{7DDB97F3-0CD6-43BF-8A73-C575130B3AF2}.Debug|Any CPU.Build.0 = Debug|Any CPU
		{7DDB97F3-0CD6-43BF-8A73-C575130B3AF2}.Release|Any CPU.ActiveCfg = Release|Any CPU
		{7DDB97F3-0CD6-43BF-8A73-C575130B3AF2}.Release|Any CPU.Build.0 = Release|Any CPU
		{452C7D38-2EBF-47CF-BCEE-F47EC0C73BA6}.Debug|Any CPU.ActiveCfg = Debug|Any CPU
		{452C7D38-2EBF-47CF-BCEE-F47EC0C73BA6}.Debug|Any CPU.Build.0 = Debug|Any CPU
		{452C7D38-2EBF-47CF-BCEE-F47EC0C73BA6}.Release|Any CPU.ActiveCfg = Release|Any CPU
		{452C7D38-2EBF-47CF-BCEE-F47EC0C73BA6}.Release|Any CPU.Build.0 = Release|Any CPU
		{0FDB2D4C-F6B0-4099-AC62-280649F63A0C}.Debug|Any CPU.ActiveCfg = Debug|Any CPU
		{0FDB2D4C-F6B0-4099-AC62-280649F63A0C}.Debug|Any CPU.Build.0 = Debug|Any CPU
		{0FDB2D4C-F6B0-4099-AC62-280649F63A0C}.Release|Any CPU.ActiveCfg = Release|Any CPU
		{0FDB2D4C-F6B0-4099-AC62-280649F63A0C}.Release|Any CPU.Build.0 = Release|Any CPU
		{D9E57DCE-1EDA-4785-B70D-0E79224ECF99}.Debug|Any CPU.ActiveCfg = Debug|Any CPU
		{D9E57DCE-1EDA-4785-B70D-0E79224ECF99}.Debug|Any CPU.Build.0 = Debug|Any CPU
		{D9E57DCE-1EDA-4785-B70D-0E79224ECF99}.Release|Any CPU.ActiveCfg = Release|Any CPU
		{D9E57DCE-1EDA-4785-B70D-0E79224ECF99}.Release|Any CPU.Build.0 = Release|Any CPU
		{91EDAF4C-896C-4402-BE36-0A0C471C2BB6}.Debug|Any CPU.ActiveCfg = Debug|Any CPU
		{91EDAF4C-896C-4402-BE36-0A0C471C2BB6}.Debug|Any CPU.Build.0 = Debug|Any CPU
		{91EDAF4C-896C-4402-BE36-0A0C471C2BB6}.Release|Any CPU.ActiveCfg = Release|Any CPU
		{91EDAF4C-896C-4402-BE36-0A0C471C2BB6}.Release|Any CPU.Build.0 = Release|Any CPU
		{9A1AF314-88F1-4622-BA26-E510BFD9B2C3}.Debug|Any CPU.ActiveCfg = Debug|Any CPU
		{9A1AF314-88F1-4622-BA26-E510BFD9B2C3}.Debug|Any CPU.Build.0 = Debug|Any CPU
		{9A1AF314-88F1-4622-BA26-E510BFD9B2C3}.Release|Any CPU.ActiveCfg = Release|Any CPU
		{9A1AF314-88F1-4622-BA26-E510BFD9B2C3}.Release|Any CPU.Build.0 = Release|Any CPU
		{1A05FF5B-FF80-4C20-B6FC-2E43D323197D}.Debug|Any CPU.ActiveCfg = Debug|Any CPU
		{1A05FF5B-FF80-4C20-B6FC-2E43D323197D}.Debug|Any CPU.Build.0 = Debug|Any CPU
		{1A05FF5B-FF80-4C20-B6FC-2E43D323197D}.Release|Any CPU.ActiveCfg = Release|Any CPU
		{1A05FF5B-FF80-4C20-B6FC-2E43D323197D}.Release|Any CPU.Build.0 = Release|Any CPU
		{66DA8927-D298-4791-995C-CF476BCFF06D}.Debug|Any CPU.ActiveCfg = Debug|Any CPU
		{66DA8927-D298-4791-995C-CF476BCFF06D}.Debug|Any CPU.Build.0 = Debug|Any CPU
		{66DA8927-D298-4791-995C-CF476BCFF06D}.Release|Any CPU.ActiveCfg = Release|Any CPU
		{66DA8927-D298-4791-995C-CF476BCFF06D}.Release|Any CPU.Build.0 = Release|Any CPU
		{D5120145-4FEC-4266-BB2C-BEB9DF6A267C}.Debug|Any CPU.ActiveCfg = Debug|Any CPU
		{D5120145-4FEC-4266-BB2C-BEB9DF6A267C}.Debug|Any CPU.Build.0 = Debug|Any CPU
		{D5120145-4FEC-4266-BB2C-BEB9DF6A267C}.Release|Any CPU.ActiveCfg = Release|Any CPU
		{D5120145-4FEC-4266-BB2C-BEB9DF6A267C}.Release|Any CPU.Build.0 = Release|Any CPU
		{DD2B9066-3B1F-49C7-8CFC-2906E44A029F}.Debug|Any CPU.ActiveCfg = Debug|Any CPU
		{DD2B9066-3B1F-49C7-8CFC-2906E44A029F}.Debug|Any CPU.Build.0 = Debug|Any CPU
		{DD2B9066-3B1F-49C7-8CFC-2906E44A029F}.Release|Any CPU.ActiveCfg = Release|Any CPU
		{DD2B9066-3B1F-49C7-8CFC-2906E44A029F}.Release|Any CPU.Build.0 = Release|Any CPU
		{92B284B3-8CFE-4CEB-B649-9BFCCDCE52C2}.Debug|Any CPU.ActiveCfg = Debug|Any CPU
		{92B284B3-8CFE-4CEB-B649-9BFCCDCE52C2}.Debug|Any CPU.Build.0 = Debug|Any CPU
		{92B284B3-8CFE-4CEB-B649-9BFCCDCE52C2}.Release|Any CPU.ActiveCfg = Release|Any CPU
		{92B284B3-8CFE-4CEB-B649-9BFCCDCE52C2}.Release|Any CPU.Build.0 = Release|Any CPU
		{7A1EDB94-39EB-4402-8D30-DCC13DBCE8D3}.Debug|Any CPU.ActiveCfg = Debug|Any CPU
		{7A1EDB94-39EB-4402-8D30-DCC13DBCE8D3}.Debug|Any CPU.Build.0 = Debug|Any CPU
		{7A1EDB94-39EB-4402-8D30-DCC13DBCE8D3}.Release|Any CPU.ActiveCfg = Release|Any CPU
		{7A1EDB94-39EB-4402-8D30-DCC13DBCE8D3}.Release|Any CPU.Build.0 = Release|Any CPU
		{42BA811C-E5CC-471A-9C7D-502AF84B7937}.Debug|Any CPU.ActiveCfg = Debug|Any CPU
		{42BA811C-E5CC-471A-9C7D-502AF84B7937}.Debug|Any CPU.Build.0 = Debug|Any CPU
		{42BA811C-E5CC-471A-9C7D-502AF84B7937}.Release|Any CPU.ActiveCfg = Release|Any CPU
		{42BA811C-E5CC-471A-9C7D-502AF84B7937}.Release|Any CPU.Build.0 = Release|Any CPU
	EndGlobalSection
	GlobalSection(SolutionProperties) = preSolution
		HideSolutionNode = FALSE
	EndGlobalSection
	GlobalSection(NestedProjects) = preSolution
		{F21002D2-375A-4381-9CBF-50235C60D711} = {1A4163A1-DF30-4DDD-BABF-1C7C99ED0B27}
		{7DDB97F3-0CD6-43BF-8A73-C575130B3AF2} = {374DB4C0-A495-49E3-BD9E-0F252D99CD0A}
		{452C7D38-2EBF-47CF-BCEE-F47EC0C73BA6} = {374DB4C0-A495-49E3-BD9E-0F252D99CD0A}
		{0FDB2D4C-F6B0-4099-AC62-280649F63A0C} = {374DB4C0-A495-49E3-BD9E-0F252D99CD0A}
		{D9E57DCE-1EDA-4785-B70D-0E79224ECF99} = {CFDEDF6C-9B17-4EA5-887D-126DD16DACB7}
		{91EDAF4C-896C-4402-BE36-0A0C471C2BB6} = {CFDEDF6C-9B17-4EA5-887D-126DD16DACB7}
		{9A1AF314-88F1-4622-BA26-E510BFD9B2C3} = {CFDEDF6C-9B17-4EA5-887D-126DD16DACB7}
		{1A05FF5B-FF80-4C20-B6FC-2E43D323197D} = {CFDEDF6C-9B17-4EA5-887D-126DD16DACB7}
		{66DA8927-D298-4791-995C-CF476BCFF06D} = {0D3BB820-C00B-435A-AC5B-E1225CDB6DE6}
		{D5120145-4FEC-4266-BB2C-BEB9DF6A267C} = {0D3BB820-C00B-435A-AC5B-E1225CDB6DE6}
		{DD2B9066-3B1F-49C7-8CFC-2906E44A029F} = {0D3BB820-C00B-435A-AC5B-E1225CDB6DE6}
		{92B284B3-8CFE-4CEB-B649-9BFCCDCE52C2} = {FCC929AC-F815-424B-BFC4-E13C901C5548}
		{7A1EDB94-39EB-4402-8D30-DCC13DBCE8D3} = {BC10C655-2042-4D62-A5AE-F8DC722D98A1}
		{42BA811C-E5CC-471A-9C7D-502AF84B7937} = {BEA40A0A-103F-4FF7-9AC3-7A53592B7FDF}
	EndGlobalSection
	GlobalSection(ExtensibilityGlobals) = postSolution
		SolutionGuid = {15E8718D-7F17-4D7B-8B55-7D0414B4E36F}
	EndGlobalSection
EndGlobal
